
Microsoft Visual Studio Solution File, Format Version 12.00
# Visual Studio 15
VisualStudioVersion = 15.0.26730.15
MinimumVisualStudioVersion = 10.0.40219.1
Project("{2150E333-8FDC-42A3-9474-1A3956D46DE8}") = "Solution Items", "Solution Items", "{1BE7C30D-DA0C-49CA-8366-1FDFE17CA13A}"
	ProjectSection(SolutionItems) = preProject
		Readme.md = Readme.md
	EndProjectSection
EndProject
Project("{FAE04EC0-301F-11D3-BF4B-00C04F79EFBC}") = "PCLProject", "PCLProject\PCLProject.csproj", "{C69515FC-1178-47A7-B68A-0493A278DF9E}"
EndProject
Project("{FAE04EC0-301F-11D3-BF4B-00C04F79EFBC}") = "AndroidApp", "AndroidApp\AndroidApp.csproj", "{0E3DC374-66CE-4101-AE9A-37B33C95501F}"
EndProject
Project("{FAE04EC0-301F-11D3-BF4B-00C04F79EFBC}") = "UWPApp", "UWPApp\UWPApp.csproj", "{B86E33E1-0CDD-421A-968A-FC8FDA2AEA92}"
EndProject
Global
	GlobalSection(SolutionConfigurationPlatforms) = preSolution
		Debug|Any CPU = Debug|Any CPU
		Debug|ARM = Debug|ARM
		Debug|x64 = Debug|x64
		Debug|x86 = Debug|x86
		Release|Any CPU = Release|Any CPU
		Release|ARM = Release|ARM
		Release|x64 = Release|x64
		Release|x86 = Release|x86
	EndGlobalSection
	GlobalSection(ProjectConfigurationPlatforms) = postSolution
		{C69515FC-1178-47A7-B68A-0493A278DF9E}.Debug|Any CPU.ActiveCfg = Debug|Any CPU
		{C69515FC-1178-47A7-B68A-0493A278DF9E}.Debug|Any CPU.Build.0 = Debug|Any CPU
		{C69515FC-1178-47A7-B68A-0493A278DF9E}.Debug|ARM.ActiveCfg = Debug|Any CPU
		{C69515FC-1178-47A7-B68A-0493A278DF9E}.Debug|ARM.Build.0 = Debug|Any CPU
		{C69515FC-1178-47A7-B68A-0493A278DF9E}.Debug|x64.ActiveCfg = Debug|Any CPU
		{C69515FC-1178-47A7-B68A-0493A278DF9E}.Debug|x64.Build.0 = Debug|Any CPU
		{C69515FC-1178-47A7-B68A-0493A278DF9E}.Debug|x86.ActiveCfg = Debug|Any CPU
		{C69515FC-1178-47A7-B68A-0493A278DF9E}.Debug|x86.Build.0 = Debug|Any CPU
		{C69515FC-1178-47A7-B68A-0493A278DF9E}.Release|Any CPU.ActiveCfg = Release|Any CPU
		{C69515FC-1178-47A7-B68A-0493A278DF9E}.Release|Any CPU.Build.0 = Release|Any CPU
		{C69515FC-1178-47A7-B68A-0493A278DF9E}.Release|ARM.ActiveCfg = Release|Any CPU
		{C69515FC-1178-47A7-B68A-0493A278DF9E}.Release|ARM.Build.0 = Release|Any CPU
		{C69515FC-1178-47A7-B68A-0493A278DF9E}.Release|x64.ActiveCfg = Release|Any CPU
		{C69515FC-1178-47A7-B68A-0493A278DF9E}.Release|x64.Build.0 = Release|Any CPU
		{C69515FC-1178-47A7-B68A-0493A278DF9E}.Release|x86.ActiveCfg = Release|Any CPU
		{C69515FC-1178-47A7-B68A-0493A278DF9E}.Release|x86.Build.0 = Release|Any CPU
		{0E3DC374-66CE-4101-AE9A-37B33C95501F}.Debug|Any CPU.ActiveCfg = Debug|Any CPU
		{0E3DC374-66CE-4101-AE9A-37B33C95501F}.Debug|Any CPU.Build.0 = Debug|Any CPU
		{0E3DC374-66CE-4101-AE9A-37B33C95501F}.Debug|Any CPU.Deploy.0 = Debug|Any CPU
		{0E3DC374-66CE-4101-AE9A-37B33C95501F}.Debug|ARM.ActiveCfg = Debug|Any CPU
		{0E3DC374-66CE-4101-AE9A-37B33C95501F}.Debug|ARM.Build.0 = Debug|Any CPU
		{0E3DC374-66CE-4101-AE9A-37B33C95501F}.Debug|ARM.Deploy.0 = Debug|Any CPU
		{0E3DC374-66CE-4101-AE9A-37B33C95501F}.Debug|x64.ActiveCfg = Debug|Any CPU
		{0E3DC374-66CE-4101-AE9A-37B33C95501F}.Debug|x64.Build.0 = Debug|Any CPU
		{0E3DC374-66CE-4101-AE9A-37B33C95501F}.Debug|x64.Deploy.0 = Debug|Any CPU
		{0E3DC374-66CE-4101-AE9A-37B33C95501F}.Debug|x86.ActiveCfg = Debug|Any CPU
		{0E3DC374-66CE-4101-AE9A-37B33C95501F}.Debug|x86.Build.0 = Debug|Any CPU
		{0E3DC374-66CE-4101-AE9A-37B33C95501F}.Debug|x86.Deploy.0 = Debug|Any CPU
		{0E3DC374-66CE-4101-AE9A-37B33C95501F}.Release|Any CPU.ActiveCfg = Release|Any CPU
		{0E3DC374-66CE-4101-AE9A-37B33C95501F}.Release|Any CPU.Build.0 = Release|Any CPU
		{0E3DC374-66CE-4101-AE9A-37B33C95501F}.Release|Any CPU.Deploy.0 = Release|Any CPU
		{0E3DC374-66CE-4101-AE9A-37B33C95501F}.Release|ARM.ActiveCfg = Release|Any CPU
		{0E3DC374-66CE-4101-AE9A-37B33C95501F}.Release|ARM.Build.0 = Release|Any CPU
		{0E3DC374-66CE-4101-AE9A-37B33C95501F}.Release|ARM.Deploy.0 = Release|Any CPU
		{0E3DC374-66CE-4101-AE9A-37B33C95501F}.Release|x64.ActiveCfg = Release|Any CPU
		{0E3DC374-66CE-4101-AE9A-37B33C95501F}.Release|x64.Build.0 = Release|Any CPU
		{0E3DC374-66CE-4101-AE9A-37B33C95501F}.Release|x64.Deploy.0 = Release|Any CPU
		{0E3DC374-66CE-4101-AE9A-37B33C95501F}.Release|x86.ActiveCfg = Release|Any CPU
		{0E3DC374-66CE-4101-AE9A-37B33C95501F}.Release|x86.Build.0 = Release|Any CPU
		{0E3DC374-66CE-4101-AE9A-37B33C95501F}.Release|x86.Deploy.0 = Release|Any CPU
		{B86E33E1-0CDD-421A-968A-FC8FDA2AEA92}.Debug|Any CPU.ActiveCfg = Debug|x86
		{B86E33E1-0CDD-421A-968A-FC8FDA2AEA92}.Debug|ARM.ActiveCfg = Debug|ARM
		{B86E33E1-0CDD-421A-968A-FC8FDA2AEA92}.Debug|ARM.Build.0 = Debug|ARM
		{B86E33E1-0CDD-421A-968A-FC8FDA2AEA92}.Debug|ARM.Deploy.0 = Debug|ARM
		{B86E33E1-0CDD-421A-968A-FC8FDA2AEA92}.Debug|x64.ActiveCfg = Debug|x64
		{B86E33E1-0CDD-421A-968A-FC8FDA2AEA92}.Debug|x64.Build.0 = Debug|x64
		{B86E33E1-0CDD-421A-968A-FC8FDA2AEA92}.Debug|x64.Deploy.0 = Debug|x64
		{B86E33E1-0CDD-421A-968A-FC8FDA2AEA92}.Debug|x86.ActiveCfg = Debug|x86
		{B86E33E1-0CDD-421A-968A-FC8FDA2AEA92}.Debug|x86.Build.0 = Debug|x86
		{B86E33E1-0CDD-421A-968A-FC8FDA2AEA92}.Debug|x86.Deploy.0 = Debug|x86
		{B86E33E1-0CDD-421A-968A-FC8FDA2AEA92}.Release|Any CPU.ActiveCfg = Release|x86
		{B86E33E1-0CDD-421A-968A-FC8FDA2AEA92}.Release|ARM.ActiveCfg = Release|ARM
		{B86E33E1-0CDD-421A-968A-FC8FDA2AEA92}.Release|ARM.Build.0 = Release|ARM
		{B86E33E1-0CDD-421A-968A-FC8FDA2AEA92}.Release|ARM.Deploy.0 = Release|ARM
		{B86E33E1-0CDD-421A-968A-FC8FDA2AEA92}.Release|x64.ActiveCfg = Release|x64
		{B86E33E1-0CDD-421A-968A-FC8FDA2AEA92}.Release|x64.Build.0 = Release|x64
		{B86E33E1-0CDD-421A-968A-FC8FDA2AEA92}.Release|x64.Deploy.0 = Release|x64
		{B86E33E1-0CDD-421A-968A-FC8FDA2AEA92}.Release|x86.ActiveCfg = Release|x86
		{B86E33E1-0CDD-421A-968A-FC8FDA2AEA92}.Release|x86.Build.0 = Release|x86
		{B86E33E1-0CDD-421A-968A-FC8FDA2AEA92}.Release|x86.Deploy.0 = Release|x86
	EndGlobalSection
	GlobalSection(SolutionProperties) = preSolution
		HideSolutionNode = FALSE
	EndGlobalSection
	GlobalSection(ExtensibilityGlobals) = postSolution
		SolutionGuid = {7041CDC5-C7D2-4B05-A4B2-8469CC93E8D6}
	EndGlobalSection
EndGlobal
